// !$*UTF8*$!
{
	archiveVersion = 1;
	classes = {
	};
	objectVersion = 77;
	objects = {

/* Begin PBXBuildFile section */
		84A100022F70000100AE3A80 /* LocalSendCore.xcframework in Frameworks */ = {isa = PBXBuildFile; fileRef = 84A100012F70000100AE3A80 /* LocalSendCore.xcframework */; };
		84B200012F80000100AE3A80 /* LiquidSendTransferWidget.appex in Embed App Extensions */ = {isa = PBXBuildFile; fileRef = 84B200002F80000100AE3A80 /* LiquidSendTransferWidget.appex */; settings = {ATTRIBUTES = (CodeSignOnCopy, RemoveHeadersOnCopy, ); }; };
		84C300012F90000100AE3A80 /* LiquidSendShareExtension.appex in Embed App Extensions */ = {isa = PBXBuildFile; fileRef = 84C300002F90000100AE3A80 /* LiquidSendShareExtension.appex */; settings = {ATTRIBUTES = (CodeSignOnCopy, RemoveHeadersOnCopy, ); }; };
/* End PBXBuildFile section */

/* Begin PBXContainerItemProxy section */
		845916002F1A412E00B08687 /* PBXContainerItemProxy */ = {
			isa = PBXContainerItemProxy;
			containerPortal = 845915E82F1A412C00B08687 /* Project object */;
			proxyType = 1;
			remoteGlobalIDString = 845915EF2F1A412C00B08687;
			remoteInfo = liquidsend;
		};
		8459160A2F1A412E00B08687 /* PBXContainerItemProxy */ = {
			isa = PBXContainerItemProxy;
			containerPortal = 845915E82F1A412C00B08687 /* Project object */;
			proxyType = 1;
			remoteGlobalIDString = 845915EF2F1A412C00B08687;
			remoteInfo = liquidsend;
		};
		84B200022F80000100AE3A80 /* PBXContainerItemProxy */ = {
			isa = PBXContainerItemProxy;
			containerPortal = 845915E82F1A412C00B08687 /* Project object */;
			proxyType = 1;
			remoteGlobalIDString = 84B2000A2F80000100AE3A80;
			remoteInfo = LiquidSendTransferWidget;
		};
		84C300022F90000100AE3A80 /* PBXContainerItemProxy */ = {
			isa = PBXContainerItemProxy;
			containerPortal = 845915E82F1A412C00B08687 /* Project object */;
			proxyType = 1;
			remoteGlobalIDString = 84C300092F90000100AE3A80;
			remoteInfo = LiquidSendShareExtension;
		};
/* End PBXContainerItemProxy section */

/* Begin PBXCopyFilesBuildPhase section */
		84B200032F80000100AE3A80 /* Embed App Extensions */ = {
			isa = PBXCopyFilesBuildPhase;
			buildActionMask = 2147483647;
			dstPath = "";
			dstSubfolderSpec = 13;
			files = (
				84B200012F80000100AE3A80 /* LiquidSendTransferWidget.appex in Embed App Extensions */,
				84C300012F90000100AE3A80 /* LiquidSendShareExtension.appex in Embed App Extensions */,
			);
			name = "Embed App Extensions";
			runOnlyForDeploymentPostprocessing = 0;
		};
/* End PBXCopyFilesBuildPhase section */

/* Begin PBXFileReference section */
		845915F02F1A412C00B08687 /* Filz!.app */ = {isa = PBXFileReference; explicitFileType = wrapper.application; includeInIndex = 0; path = "Filz!.app"; sourceTree = BUILT_PRODUCTS_DIR; };
		845915FF2F1A412E00B08687 /* Filz!Tests.xctest */ = {isa = PBXFileReference; explicitFileType = wrapper.cfbundle; includeInIndex = 0; path = "Filz!Tests.xctest"; sourceTree = BUILT_PRODUCTS_DIR; };
		845916092F1A412E00B08687 /* Filz!UITests.xctest */ = {isa = PBXFileReference; explicitFileType = wrapper.cfbundle; includeInIndex = 0; path = "Filz!UITests.xctest"; sourceTree = BUILT_PRODUCTS_DIR; };
		84A100012F70000100AE3A80 /* LocalSendCore.xcframework */ = {isa = PBXFileReference; lastKnownFileType = wrapper.xcframework; path = LocalSendCore.xcframework; sourceTree = "<group>"; };
		84B200002F80000100AE3A80 /* LiquidSendTransferWidget.appex */ = {isa = PBXFileReference; explicitFileType = "wrapper.app-extension"; includeInIndex = 0; path = LiquidSendTransferWidget.appex; sourceTree = BUILT_PRODUCTS_DIR; };
		84C300002F90000100AE3A80 /* LiquidSendShareExtension.appex */ = {isa = PBXFileReference; explicitFileType = "wrapper.app-extension"; includeInIndex = 0; path = LiquidSendShareExtension.appex; sourceTree = BUILT_PRODUCTS_DIR; };
/* End PBXFileReference section */

/* Begin PBXFileSystemSynchronizedBuildFileExceptionSet section */
		84A100032F70000200AE3A80 /* Exceptions for "liquidsendApp" folder in "Filz!" target */ = {
			isa = PBXFileSystemSynchronizedBuildFileExceptionSet;
			membershipExceptions = (
				Info.plist,
				catz.icon,
				filz.icon,
			);
			target = 845915EF2F1A412C00B08687 /* Filz! */;
		};
		84B200042F80000100AE3A80 /* Exceptions for "LiquidSendTransferWidget" folder in "LiquidSendTransferWidget" target */ = {
			isa = PBXFileSystemSynchronizedBuildFileExceptionSet;
			membershipExceptions = (
				Info.plist,
			);
			target = 84B2000A2F80000100AE3A80 /* LiquidSendTransferWidget */;
		};
		84BC0A7A2FDAE98C00C0939A /* Exceptions for "liquidsendTests" folder in "Filz!Tests" target */ = {
			isa = PBXFileSystemSynchronizedBuildFileExceptionSet;
			membershipExceptions = (
				liquidsendUITests.swift,
				liquidsendUITestsLaunchTests.swift,
			);
			target = 845915FE2F1A412E00B08687 /* Filz!Tests */;
		};
		84BC0A7B2FDAE98C00C0939A /* Exceptions for "liquidsendTests" folder in "Filz!UITests" target */ = {
			isa = PBXFileSystemSynchronizedBuildFileExceptionSet;
			membershipExceptions = (
				liquidsendUITests.swift,
				liquidsendUITestsLaunchTests.swift,
			);
			target = 845916082F1A412E00B08687 /* Filz!UITests */;
		};
		84C300032F90000100AE3A80 /* Exceptions for "LiquidSendShareExtension" folder in "LiquidSendShareExtension" target */ = {
			isa = PBXFileSystemSynchronizedBuildFileExceptionSet;
			membershipExceptions = (
				Info.plist,
			);
			target = 84C300092F90000100AE3A80 /* LiquidSendShareExtension */;
		};
/* End PBXFileSystemSynchronizedBuildFileExceptionSet section */

/* Begin PBXFileSystemSynchronizedRootGroup section */
		845915F22F1A412C00B08687 /* liquidsendApp */ = {
			isa = PBXFileSystemSynchronizedRootGroup;
			exceptions = (
				84A100032F70000200AE3A80 /* Exceptions for "liquidsendApp" folder in "Filz!" target */,
			);
			path = liquidsendApp;
			sourceTree = "<group>";
		};
		845916022F1A412E00B08687 /* liquidsendTests */ = {
			isa = PBXFileSystemSynchronizedRootGroup;
			exceptions = (
				84BC0A7A2FDAE98C00C0939A /* Exceptions for "liquidsendTests" folder in "Filz!Tests" target */,
				84BC0A7B2FDAE98C00C0939A /* Exceptions for "liquidsendTests" folder in "Filz!UITests" target */,
			);
			path = liquidsendTests;
			sourceTree = "<group>";
		};
		84B200052F80000100AE3A80 /* LiquidSendTransferWidget */ = {
			isa = PBXFileSystemSynchronizedRootGroup;
			exceptions = (
				84B200042F80000100AE3A80 /* Exceptions for "LiquidSendTransferWidget" folder in "LiquidSendTransferWidget" target */,
			);
			path = LiquidSendTransferWidget;
			sourceTree = "<group>";
		};
		84C300042F90000100AE3A80 /* LiquidSendShareExtension */ = {
			isa = PBXFileSystemSynchronizedRootGroup;
			exceptions = (
				84C300032F90000100AE3A80 /* Exceptions for "LiquidSendShareExtension" folder in "LiquidSendShareExtension" target */,
			);
			path = LiquidSendShareExtension;
			sourceTree = "<group>";
		};
		84CC6B402F6BDCB200AE3A80 /* LocalsendCore */ = {
			isa = PBXFileSystemSynchronizedRootGroup;
			path = LocalsendCore;
			sourceTree = "<group>";
		};
/* End PBXFileSystemSynchronizedRootGroup section */

/* Begin PBXFrameworksBuildPhase section */
		845915ED2F1A412C00B08687 /* Frameworks */ = {
			isa = PBXFrameworksBuildPhase;
			buildActionMask = 2147483647;
			files = (
				84A100022F70000100AE3A80 /* LocalSendCore.xcframework in Frameworks */,
			);
			runOnlyForDeploymentPostprocessing = 0;
		};
		845915FC2F1A412E00B08687 /* Frameworks */ = {
			isa = PBXFrameworksBuildPhase;
			buildActionMask = 2147483647;
			files = (
			);
			runOnlyForDeploymentPostprocessing = 0;
		};
		845916062F1A412E00B08687 /* Frameworks */ = {
			isa = PBXFrameworksBuildPhase;
			buildActionMask = 2147483647;
			files = (
			);
			runOnlyForDeploymentPostprocessing = 0;
		};
		84B200062F80000100AE3A80 /* Frameworks */ = {
			isa = PBXFrameworksBuildPhase;
			buildActionMask = 2147483647;
			files = (
			);
			runOnlyForDeploymentPostprocessing = 0;
		};
		84C300052F90000100AE3A80 /* Frameworks */ = {
			isa = PBXFrameworksBuildPhase;
			buildActionMask = 2147483647;
			files = (
			);
			runOnlyForDeploymentPostprocessing = 0;
		};
/* End PBXFrameworksBuildPhase section */

/* Begin PBXGroup section */
		845915E72F1A412C00B08687 = {
			isa = PBXGroup;
			children = (
				845915F22F1A412C00B08687 /* liquidsendApp */,
				845916022F1A412E00B08687 /* liquidsendTests */,
				84CC6B402F6BDCB200AE3A80 /* LocalsendCore */,
				84B200052F80000100AE3A80 /* LiquidSendTransferWidget */,
				84C300042F90000100AE3A80 /* LiquidSendShareExtension */,
				84A100002F70000100AE3A80 /* Frameworks */,
				845915F12F1A412C00B08687 /* Products */,
			);
			sourceTree = "<group>";
		};
		845915F12F1A412C00B08687 /* Products */ = {
			isa = PBXGroup;
			children = (
				845915F02F1A412C00B08687 /* Filz!.app */,
				845915FF2F1A412E00B08687 /* Filz!Tests.xctest */,
				845916092F1A412E00B08687 /* Filz!UITests.xctest */,
				84B200002F80000100AE3A80 /* LiquidSendTransferWidget.appex */,
				84C300002F90000100AE3A80 /* LiquidSendShareExtension.appex */,
			);
			name = Products;
			sourceTree = "<group>";
		};
		84A100002F70000100AE3A80 /* Frameworks */ = {
			isa = PBXGroup;
			children = (
				84A100012F70000100AE3A80 /* LocalSendCore.xcframework */,
			);
			path = Frameworks;
			sourceTree = "<group>";
		};
/* End PBXGroup section */

/* Begin PBXNativeTarget section */
		845915EF2F1A412C00B08687 /* Filz! */ = {
			isa = PBXNativeTarget;
			buildConfigurationList = 845916132F1A412E00B08687 /* Build configuration list for PBXNativeTarget "Filz!" */;
			buildPhases = (
				845915EC2F1A412C00B08687 /* Sources */,
				845915ED2F1A412C00B08687 /* Frameworks */,
				845915EE2F1A412C00B08687 /* Resources */,
				84B200032F80000100AE3A80 /* Embed App Extensions */,
			);
			buildRules = (
			);
			dependencies = (
				84B2000B2F80000100AE3A80 /* PBXTargetDependency */,
				84C3000A2F90000100AE3A80 /* PBXTargetDependency */,
			);
			fileSystemSynchronizedGroups = (
				845915F22F1A412C00B08687 /* liquidsendApp */,
			);
			name = "Filz!";
			packageProductDependencies = (
			);
			productName = liquidsend;
			productReference = 845915F02F1A412C00B08687 /* Filz!.app */;
			productType = "com.apple.product-type.application";
		};
		845915FE2F1A412E00B08687 /* Filz!Tests */ = {
			isa = PBXNativeTarget;
			buildConfigurationList = 845916162F1A412E00B08687 /* Build configuration list for PBXNativeTarget "Filz!Tests" */;
			buildPhases = (
				845915FB2F1A412E00B08687 /* Sources */,
				845915FC2F1A412E00B08687 /* Frameworks */,
				845915FD2F1A412E00B08687 /* Resources */,
			);
			buildRules = (
			);
			dependencies = (
				845916012F1A412E00B08687 /* PBXTargetDependency */,
			);
			fileSystemSynchronizedGroups = (
				845916022F1A412E00B08687 /* liquidsendTests */,
			);
			name = "Filz!Tests";
			packageProductDependencies = (
			);
			productName = liquidsendTests;
			productReference = 845915FF2F1A412E00B08687 /* Filz!Tests.xctest */;
			productType = "com.apple.product-type.bundle.unit-test";
		};
		845916082F1A412E00B08687 /* Filz!UITests */ = {
			isa = PBXNativeTarget;
			buildConfigurationList = 845916192F1A412E00B08687 /* Build configuration list for PBXNativeTarget "Filz!UITests" */;
			buildPhases = (
				845916052F1A412E00B08687 /* Sources */,
				845916062F1A412E00B08687 /* Frameworks */,
				845916072F1A412E00B08687 /* Resources */,
			);
			buildRules = (
			);
			dependencies = (
				8459160B2F1A412E00B08687 /* PBXTargetDependency */,
			);
			name = "Filz!UITests";
			packageProductDependencies = (
			);
			productName = liquidsendUITests;
			productReference = 845916092F1A412E00B08687 /* Filz!UITests.xctest */;
			productType = "com.apple.product-type.bundle.ui-testing";
		};
		84B2000A2F80000100AE3A80 /* LiquidSendTransferWidget */ = {
			isa = PBXNativeTarget;
			buildConfigurationList = 84B200102F80000100AE3A80 /* Build configuration list for PBXNativeTarget "LiquidSendTransferWidget" */;
			buildPhases = (
				84B200072F80000100AE3A80 /* Sources */,
				84B200062F80000100AE3A80 /* Frameworks */,
				84B200082F80000100AE3A80 /* Resources */,
			);
			buildRules = (
			);
			dependencies = (
			);
			fileSystemSynchronizedGroups = (
				84B200052F80000100AE3A80 /* LiquidSendTransferWidget */,
			);
			name = LiquidSendTransferWidget;
			packageProductDependencies = (
			);
			productName = LiquidSendTransferWidget;
			productReference = 84B200002F80000100AE3A80 /* LiquidSendTransferWidget.appex */;
			productType = "com.apple.product-type.app-extension";
		};
		84C300092F90000100AE3A80 /* LiquidSendShareExtension */ = {
			isa = PBXNativeTarget;
			buildConfigurationList = 84C300102F90000100AE3A80 /* Build configuration list for PBXNativeTarget "LiquidSendShareExtension" */;
			buildPhases = (
				84C300062F90000100AE3A80 /* Sources */,
				84C300052F90000100AE3A80 /* Frameworks */,
				84C300072F90000100AE3A80 /* Resources */,
			);
			buildRules = (
			);
			dependencies = (
			);
			fileSystemSynchronizedGroups = (
				84C300042F90000100AE3A80 /* LiquidSendShareExtension */,
			);
			name = LiquidSendShareExtension;
			packageProductDependencies = (
			);
			productName = LiquidSendShareExtension;
			productReference = 84C300002F90000100AE3A80 /* LiquidSendShareExtension.appex */;
			productType = "com.apple.product-type.app-extension";
		};
/* End PBXNativeTarget section */

/* Begin PBXProject section */
		845915E82F1A412C00B08687 /* Project object */ = {
			isa = PBXProject;
			attributes = {
				BuildIndependentTargetsInParallel = 1;
				LastSwiftUpdateCheck = 2610;
				LastUpgradeCheck = 2620;
				TargetAttributes = {
					845915EF2F1A412C00B08687 = {
						CreatedOnToolsVersion = 26.1.1;
					};
					845915FE2F1A412E00B08687 = {
						CreatedOnToolsVersion = 26.1.1;
						TestTargetID = 845915EF2F1A412C00B08687;
					};
					845916082F1A412E00B08687 = {
						CreatedOnToolsVersion = 26.1.1;
						TestTargetID = 845915EF2F1A412C00B08687;
					};
					84B2000A2F80000100AE3A80 = {
						CreatedOnToolsVersion = 26.1.1;
					};
					84C300092F90000100AE3A80 = {
						CreatedOnToolsVersion = 26.1.1;
					};
				};
			};
			buildConfigurationList = 845915EB2F1A412C00B08687 /* Build configuration list for PBXProject "Filz!" */;
			developmentRegion = en;
			hasScannedForEncodings = 0;
			knownRegions = (
				en,
				Base,
			);
			mainGroup = 845915E72F1A412C00B08687;
			minimizedProjectReferenceProxies = 1;
			preferredProjectObjectVersion = 77;
			productRefGroup = 845915F12F1A412C00B08687 /* Products */;
			projectDirPath = "";
			projectRoot = "";
			targets = (
				845915EF2F1A412C00B08687 /* Filz! */,
				845915FE2F1A412E00B08687 /* Filz!Tests */,
				845916082F1A412E00B08687 /* Filz!UITests */,
				84B2000A2F80000100AE3A80 /* LiquidSendTransferWidget */,
				84C300092F90000100AE3A80 /* LiquidSendShareExtension */,
			);
		};
/* End PBXProject section */

/* Begin PBXResourcesBuildPhase section */
		845915EE2F1A412C00B08687 /* Resources */ = {
			isa = PBXResourcesBuildPhase;
			buildActionMask = 2147483647;
			files = (
			);
			runOnlyForDeploymentPostprocessing = 0;
		};
		845915FD2F1A412E00B08687 /* Resources */ = {
			isa = PBXResourcesBuildPhase;
			buildActionMask = 2147483647;
			files = (
			);
			runOnlyForDeploymentPostprocessing = 0;
		};
		845916072F1A412E00B08687 /* Resources */ = {
			isa = PBXResourcesBuildPhase;
			buildActionMask = 2147483647;
			files = (
			);
			runOnlyForDeploymentPostprocessing = 0;
		};
		84B200082F80000100AE3A80 /* Resources */ = {
			isa = PBXResourcesBuildPhase;
			buildActionMask = 2147483647;
			files = (
			);
			runOnlyForDeploymentPostprocessing = 0;
		};
		84C300072F90000100AE3A80 /* Resources */ = {
			isa = PBXResourcesBuildPhase;
			buildActionMask = 2147483647;
			files = (
			);
			runOnlyForDeploymentPostprocessing = 0;
		};
/* End PBXResourcesBuildPhase section */

/* Begin PBXSourcesBuildPhase section */
		845915EC2F1A412C00B08687 /* Sources */ = {
			isa = PBXSourcesBuildPhase;
			buildActionMask = 2147483647;
			files = (
			);
			runOnlyForDeploymentPostprocessing = 0;
		};
		845915FB2F1A412E00B08687 /* Sources */ = {
			isa = PBXSourcesBuildPhase;
			buildActionMask = 2147483647;
			files = (
			);
			runOnlyForDeploymentPostprocessing = 0;
		};
		845916052F1A412E00B08687 /* Sources */ = {
			isa = PBXSourcesBuildPhase;
			buildActionMask = 2147483647;
			files = (
			);
			runOnlyForDeploymentPostprocessing = 0;
		};
		84B200072F80000100AE3A80 /* Sources */ = {
			isa = PBXSourcesBuildPhase;
			buildActionMask = 2147483647;
			files = (
			);
			runOnlyForDeploymentPostprocessing = 0;
		};
		84C300062F90000100AE3A80 /* Sources */ = {
			isa = PBXSourcesBuildPhase;
			buildActionMask = 2147483647;
			files = (
			);
			runOnlyForDeploymentPostprocessing = 0;
		};
/* End PBXSourcesBuildPhase section */

/* Begin PBXTargetDependency section */
		845916012F1A412E00B08687 /* PBXTargetDependency */ = {
			isa = PBXTargetDependency;
			target = 845915EF2F1A412C00B08687 /* Filz! */;
			targetProxy = 845916002F1A412E00B08687 /* PBXContainerItemProxy */;
		};
		8459160B2F1A412E00B08687 /* PBXTargetDependency */ = {
			isa = PBXTargetDependency;
			target = 845915EF2F1A412C00B08687 /* Filz! */;
			targetProxy = 8459160A2F1A412E00B08687 /* PBXContainerItemProxy */;
		};
		84B2000B2F80000100AE3A80 /* PBXTargetDependency */ = {
			isa = PBXTargetDependency;
			target = 84B2000A2F80000100AE3A80 /* LiquidSendTransferWidget */;
			targetProxy = 84B200022F80000100AE3A80 /* PBXContainerItemProxy */;
		};
		84C3000A2F90000100AE3A80 /* PBXTargetDependency */ = {
			isa = PBXTargetDependency;
			target = 84C300092F90000100AE3A80 /* LiquidSendShareExtension */;
			targetProxy = 84C300022F90000100AE3A80 /* PBXContainerItemProxy */;
		};
/* End PBXTargetDependency section */

/* Begin XCBuildConfiguration section */
		845916112F1A412E00B08687 /* Debug */ = {
			isa = XCBuildConfiguration;
			buildSettings = {
				ALWAYS_SEARCH_USER_PATHS = NO;
				ASSETCATALOG_COMPILER_GENERATE_SWIFT_ASSET_SYMBOL_EXTENSIONS = YES;
				CLANG_ANALYZER_NONNULL = YES;
				CLANG_ANALYZER_NUMBER_OBJECT_CONVERSION = YES_AGGRESSIVE;
				CLANG_CXX_LANGUAGE_STANDARD = "gnu++20";
				CLANG_ENABLE_MODULES = YES;
				CLANG_ENABLE_OBJC_ARC = YES;
				CLANG_ENABLE_OBJC_WEAK = YES;
				CLANG_WARN_BLOCK_CAPTURE_AUTORELEASING = YES;
				CLANG_WARN_BOOL_CONVERSION = YES;
				CLANG_WARN_COMMA = YES;
				CLANG_WARN_CONSTANT_CONVERSION = YES;
				CLANG_WARN_DEPRECATED_OBJC_IMPLEMENTATIONS = YES;
				CLANG_WARN_DIRECT_OBJC_ISA_USAGE = YES_ERROR;
				CLANG_WARN_DOCUMENTATION_COMMENTS = YES;
				CLANG_WARN_EMPTY_BODY = YES;
				CLANG_WARN_ENUM_CONVERSION = YES;
				CLANG_WARN_INFINITE_RECURSION = YES;
				CLANG_WARN_INT_CONVERSION = YES;
				CLANG_WARN_NON_LITERAL_NULL_CONVERSION = YES;
				CLANG_WARN_OBJC_IMPLICIT_RETAIN_SELF = YES;
				CLANG_WARN_OBJC_LITERAL_CONVERSION = YES;
				CLANG_WARN_OBJC_ROOT_CLASS = YES_ERROR;
				CLANG_WARN_QUOTED_INCLUDE_IN_FRAMEWORK_HEADER = YES;
				CLANG_WARN_RANGE_LOOP_ANALYSIS = YES;
				CLANG_WARN_STRICT_PROTOTYPES = YES;
				CLANG_WARN_SUSPICIOUS_MOVE = YES;
				CLANG_WARN_UNGUARDED_AVAILABILITY = YES_AGGRESSIVE;
				CLANG_WARN_UNREACHABLE_CODE = YES;
				CLANG_WARN__DUPLICATE_METHOD_MATCH = YES;
				COPY_PHASE_STRIP = NO;
				DEBUG_INFORMATION_FORMAT = dwarf;
				ENABLE_STRICT_OBJC_MSGSEND = YES;
				ENABLE_TESTABILITY = YES;
				ENABLE_USER_SCRIPT_SANDBOXING = YES;
				GCC_C_LANGUAGE_STANDARD = gnu17;
				GCC_DYNAMIC_NO_PIC = NO;
				GCC_NO_COMMON_BLOCKS = YES;
				GCC_OPTIMIZATION_LEVEL = 0;
				GCC_PREPROCESSOR_DEFINITIONS = (
					"DEBUG=1",
					"$(inherited)",
				);
				GCC_WARN_64_TO_32_BIT_CONVERSION = YES;
				GCC_WARN_ABOUT_RETURN_TYPE = YES_ERROR;
				GCC_WARN_UNDECLARED_SELECTOR = YES;
				GCC_WARN_UNINITIALIZED_AUTOS = YES_AGGRESSIVE;
				GCC_WARN_UNUSED_FUNCTION = YES;
				GCC_WARN_UNUSED_VARIABLE = YES;
				IPHONEOS_DEPLOYMENT_TARGET = 26.1;
				LOCALIZATION_PREFERS_STRING_CATALOGS = YES;
				MTL_ENABLE_DEBUG_INFO = INCLUDE_SOURCE;
				MTL_FAST_MATH = YES;
				ONLY_ACTIVE_ARCH = YES;
				SDKROOT = iphoneos;
				STRING_CATALOG_GENERATE_SYMBOLS = YES;
				SWIFT_ACTIVE_COMPILATION_CONDITIONS = "DEBUG $(inherited)";
				SWIFT_OPTIMIZATION_LEVEL = "-Onone";
			};
			name = Debug;
		};
		845916122F1A412E00B08687 /* Release */ = {
			isa = XCBuildConfiguration;
			buildSettings = {
				ALWAYS_SEARCH_USER_PATHS = NO;
				ASSETCATALOG_COMPILER_GENERATE_SWIFT_ASSET_SYMBOL_EXTENSIONS = YES;
				CLANG_ANALYZER_NONNULL = YES;
				CLANG_ANALYZER_NUMBER_OBJECT_CONVERSION = YES_AGGRESSIVE;
				CLANG_CXX_LANGUAGE_STANDARD = "gnu++20";
				CLANG_ENABLE_MODULES = YES;
				CLANG_ENABLE_OBJC_ARC = YES;
				CLANG_ENABLE_OBJC_WEAK = YES;
				CLANG_WARN_BLOCK_CAPTURE_AUTORELEASING = YES;
				CLANG_WARN_BOOL_CONVERSION = YES;
				CLANG_WARN_COMMA = YES;
				CLANG_WARN_CONSTANT_CONVERSION = YES;
				CLANG_WARN_DEPRECATED_OBJC_IMPLEMENTATIONS = YES;
				CLANG_WARN_DIRECT_OBJC_ISA_USAGE = YES_ERROR;
				CLANG_WARN_DOCUMENTATION_COMMENTS = YES;
				CLANG_WARN_EMPTY_BODY = YES;
				CLANG_WARN_ENUM_CONVERSION = YES;
				CLANG_WARN_INFINITE_RECURSION = YES;
				CLANG_WARN_INT_CONVERSION = YES;
				CLANG_WARN_NON_LITERAL_NULL_CONVERSION = YES;
				CLANG_WARN_OBJC_IMPLICIT_RETAIN_SELF = YES;
				CLANG_WARN_OBJC_LITERAL_CONVERSION = YES;
				CLANG_WARN_OBJC_ROOT_CLASS = YES_ERROR;
				CLANG_WARN_QUOTED_INCLUDE_IN_FRAMEWORK_HEADER = YES;
				CLANG_WARN_RANGE_LOOP_ANALYSIS = YES;
				CLANG_WARN_STRICT_PROTOTYPES = YES;
				CLANG_WARN_SUSPICIOUS_MOVE = YES;
				CLANG_WARN_UNGUARDED_AVAILABILITY = YES_AGGRESSIVE;
				CLANG_WARN_UNREACHABLE_CODE = YES;
				CLANG_WARN__DUPLICATE_METHOD_MATCH = YES;
				COPY_PHASE_STRIP = NO;
				DEBUG_INFORMATION_FORMAT = "dwarf-with-dsym";
				ENABLE_NS_ASSERTIONS = NO;
				ENABLE_STRICT_OBJC_MSGSEND = YES;
				ENABLE_USER_SCRIPT_SANDBOXING = YES;
				GCC_C_LANGUAGE_STANDARD = gnu17;
				GCC_NO_COMMON_BLOCKS = YES;
				GCC_WARN_64_TO_32_BIT_CONVERSION = YES;
				GCC_WARN_ABOUT_RETURN_TYPE = YES_ERROR;
				GCC_WARN_UNDECLARED_SELECTOR = YES;
				GCC_WARN_UNINITIALIZED_AUTOS = YES_AGGRESSIVE;
				GCC_WARN_UNUSED_FUNCTION = YES;
				GCC_WARN_UNUSED_VARIABLE = YES;
				IPHONEOS_DEPLOYMENT_TARGET = 26.1;
				LOCALIZATION_PREFERS_STRING_CATALOGS = YES;
				MTL_ENABLE_DEBUG_INFO = NO;
				MTL_FAST_MATH = YES;
				SDKROOT = iphoneos;
				STRING_CATALOG_GENERATE_SYMBOLS = YES;
				SWIFT_COMPILATION_MODE = wholemodule;
				VALIDATE_PRODUCT = YES;
			};
			name = Release;
		};
		845916142F1A412E00B08687 /* Debug */ = {
			isa = XCBuildConfiguration;
			buildSettings = {
				ASSETCATALOG_COMPILER_ALTERNATE_APPICON_NAMES = catz;
				ASSETCATALOG_COMPILER_APPICON_NAME = filz;
				ASSETCATALOG_COMPILER_GLOBAL_ACCENT_COLOR_NAME = AccentColor;
				ASSETCATALOG_COMPILER_INCLUDE_ALL_APPICON_ASSETS = YES;
				CODE_SIGN_ENTITLEMENTS = liquidsendApp/liquidsend.entitlements;
				CODE_SIGN_STYLE = Automatic;
				CURRENT_PROJECT_VERSION = 1;
				DEVELOPMENT_TEAM = MBBPM3967F;
				ENABLE_PREVIEWS = YES;
				FRAMEWORK_SEARCH_PATHS = (
					"$(inherited)",
					"$(PROJECT_DIR)/Frameworks",
				);
				GENERATE_INFOPLIST_FILE = YES;
				INFOPLIST_FILE = liquidsendApp/Info.plist;
				INFOPLIST_KEY_CFBundleDisplayName = "Filz!";
				INFOPLIST_KEY_LSSupportsOpeningDocumentsInPlace = YES;
				INFOPLIST_KEY_NSLocalNetworkUsageDescription = "LiquidSend uses your local network to discover nearby devices and transfer files.";
				INFOPLIST_KEY_UIApplicationSceneManifest_Generation = YES;
				INFOPLIST_KEY_UIApplicationSupportsIndirectInputEvents = YES;
				INFOPLIST_KEY_UILaunchScreen_Generation = YES;
				INFOPLIST_KEY_UISupportedInterfaceOrientations_iPad = "UIInterfaceOrientationPortrait UIInterfaceOrientationPortraitUpsideDown UIInterfaceOrientationLandscapeLeft UIInterfaceOrientationLandscapeRight";
				INFOPLIST_KEY_UISupportedInterfaceOrientations_iPhone = "UIInterfaceOrientationPortrait UIInterfaceOrientationLandscapeLeft UIInterfaceOrientationLandscapeRight";
				LD_RUNPATH_SEARCH_PATHS = (
					"$(inherited)",
					"@executable_path/Frameworks",
				);
				MARKETING_VERSION = 1.0;
				PRODUCT_BUNDLE_IDENTIFIER = top.kitsune.filz;
				PRODUCT_NAME = "$(TARGET_NAME)";
				STRING_CATALOG_GENERATE_SYMBOLS = YES;
				SWIFT_APPROACHABLE_CONCURRENCY = YES;
				SWIFT_DEFAULT_ACTOR_ISOLATION = MainActor;
				SWIFT_EMIT_LOC_STRINGS = YES;
				SWIFT_UPCOMING_FEATURE_MEMBER_IMPORT_VISIBILITY = YES;
				SWIFT_VERSION = 5.0;
				TARGETED_DEVICE_FAMILY = "1,2";
			};
			name = Debug;
		};
		845916152F1A412E00B08687 /* Release */ = {
			isa = XCBuildConfiguration;
			buildSettings = {
				ASSETCATALOG_COMPILER_ALTERNATE_APPICON_NAMES = catz;
				ASSETCATALOG_COMPILER_APPICON_NAME = filz;
				ASSETCATALOG_COMPILER_GLOBAL_ACCENT_COLOR_NAME = AccentColor;
				ASSETCATALOG_COMPILER_INCLUDE_ALL_APPICON_ASSETS = YES;
				CODE_SIGN_ENTITLEMENTS = liquidsendApp/liquidsend.entitlements;
				CODE_SIGN_STYLE = Automatic;
				CURRENT_PROJECT_VERSION = 1;
				DEVELOPMENT_TEAM = MBBPM3967F;
				ENABLE_PREVIEWS = YES;
				FRAMEWORK_SEARCH_PATHS = (
					"$(inherited)",
					"$(PROJECT_DIR)/Frameworks",
				);
				GENERATE_INFOPLIST_FILE = YES;
				INFOPLIST_FILE = liquidsendApp/Info.plist;
				INFOPLIST_KEY_CFBundleDisplayName = "Filz!";
				INFOPLIST_KEY_LSSupportsOpeningDocumentsInPlace = YES;
				INFOPLIST_KEY_NSLocalNetworkUsageDescription = "LiquidSend uses your local network to discover nearby devices and transfer files.";
				INFOPLIST_KEY_UIApplicationSceneManifest_Generation = YES;
				INFOPLIST_KEY_UIApplicationSupportsIndirectInputEvents = YES;
				INFOPLIST_KEY_UILaunchScreen_Generation = YES;
				INFOPLIST_KEY_UISupportedInterfaceOrientations_iPad = "UIInterfaceOrientationPortrait UIInterfaceOrientationPortraitUpsideDown UIInterfaceOrientationLandscapeLeft UIInterfaceOrientationLandscapeRight";
				INFOPLIST_KEY_UISupportedInterfaceOrientations_iPhone = "UIInterfaceOrientationPortrait UIInterfaceOrientationLandscapeLeft UIInterfaceOrientationLandscapeRight";
				LD_RUNPATH_SEARCH_PATHS = (
					"$(inherited)",
					"@executable_path/Frameworks",
				);
				MARKETING_VERSION = 1.0;
				PRODUCT_BUNDLE_IDENTIFIER = top.kitsune.filz;
				PRODUCT_NAME = "$(TARGET_NAME)";
				STRING_CATALOG_GENERATE_SYMBOLS = YES;
				SWIFT_APPROACHABLE_CONCURRENCY = YES;
				SWIFT_DEFAULT_ACTOR_ISOLATION = MainActor;
				SWIFT_EMIT_LOC_STRINGS = YES;
				SWIFT_UPCOMING_FEATURE_MEMBER_IMPORT_VISIBILITY = YES;
				SWIFT_VERSION = 5.0;
				TARGETED_DEVICE_FAMILY = "1,2";
			};
			name = Release;
		};
		845916172F1A412E00B08687 /* Debug */ = {
			isa = XCBuildConfiguration;
			buildSettings = {
				BUNDLE_LOADER = "$(TEST_HOST)";
				CODE_SIGN_STYLE = Automatic;
				CURRENT_PROJECT_VERSION = 1;
				GENERATE_INFOPLIST_FILE = YES;
				IPHONEOS_DEPLOYMENT_TARGET = 26.1;
				MARKETING_VERSION = 1.0;
				PRODUCT_BUNDLE_IDENTIFIER = top.kitsune.liquidsendTests;
				PRODUCT_NAME = "$(TARGET_NAME)";
				STRING_CATALOG_GENERATE_SYMBOLS = NO;
				SWIFT_APPROACHABLE_CONCURRENCY = YES;
				SWIFT_EMIT_LOC_STRINGS = NO;
				SWIFT_UPCOMING_FEATURE_MEMBER_IMPORT_VISIBILITY = YES;
				SWIFT_VERSION = 5.0;
				TARGETED_DEVICE_FAMILY = "1,2";
				TEST_HOST = "$(BUILT_PRODUCTS_DIR)/Filz!.app/$(BUNDLE_EXECUTABLE_FOLDER_PATH)/Filz!";
			};
			name = Debug;
		};
		845916182F1A412E00B08687 /* Release */ = {
			isa = XCBuildConfiguration;
			buildSettings = {
				BUNDLE_LOADER = "$(TEST_HOST)";
				CODE_SIGN_STYLE = Automatic;
				CURRENT_PROJECT_VERSION = 1;
				GENERATE_INFOPLIST_FILE = YES;
				IPHONEOS_DEPLOYMENT_TARGET = 26.1;
				MARKETING_VERSION = 1.0;
				PRODUCT_BUNDLE_IDENTIFIER = top.kitsune.liquidsendTests;
				PRODUCT_NAME = "$(TARGET_NAME)";
				STRING_CATALOG_GENERATE_SYMBOLS = NO;
				SWIFT_APPROACHABLE_CONCURRENCY = YES;
				SWIFT_EMIT_LOC_STRINGS = NO;
				SWIFT_UPCOMING_FEATURE_MEMBER_IMPORT_VISIBILITY = YES;
				SWIFT_VERSION = 5.0;
				TARGETED_DEVICE_FAMILY = "1,2";
				TEST_HOST = "$(BUILT_PRODUCTS_DIR)/Filz!.app/$(BUNDLE_EXECUTABLE_FOLDER_PATH)/Filz!";
			};
			name = Release;
		};
		8459161A2F1A412E00B08687 /* Debug */ = {
			isa = XCBuildConfiguration;
			buildSettings = {
				CODE_SIGN_STYLE = Automatic;
				CURRENT_PROJECT_VERSION = 1;
				GENERATE_INFOPLIST_FILE = YES;
				MARKETING_VERSION = 1.0;
				PRODUCT_BUNDLE_IDENTIFIER = top.kitsune.liquidsendUITests;
				PRODUCT_NAME = "$(TARGET_NAME)";
				STRING_CATALOG_GENERATE_SYMBOLS = NO;
				SWIFT_APPROACHABLE_CONCURRENCY = YES;
				SWIFT_EMIT_LOC_STRINGS = NO;
				SWIFT_UPCOMING_FEATURE_MEMBER_IMPORT_VISIBILITY = YES;
				SWIFT_VERSION = 5.0;
				TARGETED_DEVICE_FAMILY = "1,2";
				TEST_TARGET_NAME = liquidsend;
			};
			name = Debug;
		};
		8459161B2F1A412E00B08687 /* Release */ = {
			isa = XCBuildConfiguration;
			buildSettings = {
				CODE_SIGN_STYLE = Automatic;
				CURRENT_PROJECT_VERSION = 1;
				GENERATE_INFOPLIST_FILE = YES;
				MARKETING_VERSION = 1.0;
				PRODUCT_BUNDLE_IDENTIFIER = top.kitsune.liquidsendUITests;
				PRODUCT_NAME = "$(TARGET_NAME)";
				STRING_CATALOG_GENERATE_SYMBOLS = NO;
				SWIFT_APPROACHABLE_CONCURRENCY = YES;
				SWIFT_EMIT_LOC_STRINGS = NO;
				SWIFT_UPCOMING_FEATURE_MEMBER_IMPORT_VISIBILITY = YES;
				SWIFT_VERSION = 5.0;
				TARGETED_DEVICE_FAMILY = "1,2";
				TEST_TARGET_NAME = liquidsend;
			};
			name = Release;
		};
		84B2000E2F80000100AE3A80 /* Debug */ = {
			isa = XCBuildConfiguration;
			buildSettings = {
				APPLICATION_EXTENSION_API_ONLY = YES;
				CODE_SIGN_STYLE = Automatic;
				CURRENT_PROJECT_VERSION = 1;
				DEVELOPMENT_TEAM = MBBPM3967F;
				GENERATE_INFOPLIST_FILE = YES;
				INFOPLIST_FILE = LiquidSendTransferWidget/Info.plist;
				IPHONEOS_DEPLOYMENT_TARGET = 26.1;
				LD_RUNPATH_SEARCH_PATHS = (
					"$(inherited)",
					"@executable_path/Frameworks",
					"@executable_path/../../Frameworks",
				);
				MARKETING_VERSION = 1.0;
				PRODUCT_BUNDLE_IDENTIFIER = top.kitsune.filz.TransferWidget;
				PRODUCT_NAME = "$(TARGET_NAME)";
				SKIP_INSTALL = YES;
				SWIFT_APPROACHABLE_CONCURRENCY = YES;
				SWIFT_DEFAULT_ACTOR_ISOLATION = MainActor;
				SWIFT_EMIT_LOC_STRINGS = YES;
				SWIFT_UPCOMING_FEATURE_MEMBER_IMPORT_VISIBILITY = YES;
				SWIFT_VERSION = 5.0;
				TARGETED_DEVICE_FAMILY = "1,2";
			};
			name = Debug;
		};
		84B2000F2F80000100AE3A80 /* Release */ = {
			isa = XCBuildConfiguration;
			buildSettings = {
				APPLICATION_EXTENSION_API_ONLY = YES;
				CODE_SIGN_STYLE = Automatic;
				CURRENT_PROJECT_VERSION = 1;
				DEVELOPMENT_TEAM = MBBPM3967F;
				GENERATE_INFOPLIST_FILE = YES;
				INFOPLIST_FILE = LiquidSendTransferWidget/Info.plist;
				IPHONEOS_DEPLOYMENT_TARGET = 26.1;
				LD_RUNPATH_SEARCH_PATHS = (
					"$(inherited)",
					"@executable_path/Frameworks",
					"@executable_path/../../Frameworks",
				);
				MARKETING_VERSION = 1.0;
				PRODUCT_BUNDLE_IDENTIFIER = top.kitsune.filz.TransferWidget;
				PRODUCT_NAME = "$(TARGET_NAME)";
				SKIP_INSTALL = YES;
				SWIFT_APPROACHABLE_CONCURRENCY = YES;
				SWIFT_DEFAULT_ACTOR_ISOLATION = MainActor;
				SWIFT_EMIT_LOC_STRINGS = YES;
				SWIFT_UPCOMING_FEATURE_MEMBER_IMPORT_VISIBILITY = YES;
				SWIFT_VERSION = 5.0;
				TARGETED_DEVICE_FAMILY = "1,2";
			};
			name = Release;
		};
		84C3000E2F90000100AE3A80 /* Debug */ = {
			isa = XCBuildConfiguration;
			buildSettings = {
				APPLICATION_EXTENSION_API_ONLY = YES;
				CODE_SIGN_ENTITLEMENTS = LiquidSendShareExtension/LiquidSendShareExtension.entitlements;
				CODE_SIGN_STYLE = Automatic;
				CURRENT_PROJECT_VERSION = 1;
				DEVELOPMENT_TEAM = MBBPM3967F;
				GENERATE_INFOPLIST_FILE = YES;
				INFOPLIST_FILE = LiquidSendShareExtension/Info.plist;
				IPHONEOS_DEPLOYMENT_TARGET = 26.1;
				LD_RUNPATH_SEARCH_PATHS = (
					"$(inherited)",
					"@executable_path/Frameworks",
					"@executable_path/../../Frameworks",
				);
				MARKETING_VERSION = 1.0;
				PRODUCT_BUNDLE_IDENTIFIER = top.kitsune.filz.ShareExtension;
				PRODUCT_NAME = "$(TARGET_NAME)";
				SKIP_INSTALL = YES;
				SWIFT_APPROACHABLE_CONCURRENCY = YES;
				SWIFT_DEFAULT_ACTOR_ISOLATION = MainActor;
				SWIFT_EMIT_LOC_STRINGS = YES;
				SWIFT_UPCOMING_FEATURE_MEMBER_IMPORT_VISIBILITY = YES;
				SWIFT_VERSION = 5.0;
				TARGETED_DEVICE_FAMILY = "1,2";
			};
			name = Debug;
		};
		84C3000F2F90000100AE3A80 /* Release */ = {
			isa = XCBuildConfiguration;
			buildSettings = {
				APPLICATION_EXTENSION_API_ONLY = YES;
				CODE_SIGN_ENTITLEMENTS = LiquidSendShareExtension/LiquidSendShareExtension.entitlements;
				CODE_SIGN_STYLE = Automatic;
				CURRENT_PROJECT_VERSION = 1;
				DEVELOPMENT_TEAM = MBBPM3967F;
				GENERATE_INFOPLIST_FILE = YES;
				INFOPLIST_FILE = LiquidSendShareExtension/Info.plist;
				IPHONEOS_DEPLOYMENT_TARGET = 26.1;
				LD_RUNPATH_SEARCH_PATHS = (
					"$(inherited)",
					"@executable_path/Frameworks",
					"@executable_path/../../Frameworks",
				);
				MARKETING_VERSION = 1.0;
				PRODUCT_BUNDLE_IDENTIFIER = top.kitsune.filz.ShareExtension;
				PRODUCT_NAME = "$(TARGET_NAME)";
				SKIP_INSTALL = YES;
				SWIFT_APPROACHABLE_CONCURRENCY = YES;
				SWIFT_DEFAULT_ACTOR_ISOLATION = MainActor;
				SWIFT_EMIT_LOC_STRINGS = YES;
				SWIFT_UPCOMING_FEATURE_MEMBER_IMPORT_VISIBILITY = YES;
				SWIFT_VERSION = 5.0;
				TARGETED_DEVICE_FAMILY = "1,2";
			};
			name = Release;
		};
/* End XCBuildConfiguration section */

/* Begin XCConfigurationList section */
		845915EB2F1A412C00B08687 /* Build configuration list for PBXProject "Filz!" */ = {
			isa = XCConfigurationList;
			buildConfigurations = (
				845916112F1A412E00B08687 /* Debug */,
				845916122F1A412E00B08687 /* Release */,
			);
			defaultConfigurationIsVisible = 0;
			defaultConfigurationName = Release;
		};
		845916132F1A412E00B08687 /* Build configuration list for PBXNativeTarget "Filz!" */ = {
			isa = XCConfigurationList;
			buildConfigurations = (
				845916142F1A412E00B08687 /* Debug */,
				845916152F1A412E00B08687 /* Release */,
			);
			defaultConfigurationIsVisible = 0;
			defaultConfigurationName = Release;
		};
		845916162F1A412E00B08687 /* Build configuration list for PBXNativeTarget "Filz!Tests" */ = {
			isa = XCConfigurationList;
			buildConfigurations = (
				845916172F1A412E00B08687 /* Debug */,
				845916182F1A412E00B08687 /* Release */,
			);
			defaultConfigurationIsVisible = 0;
			defaultConfigurationName = Release;
		};
		845916192F1A412E00B08687 /* Build configuration list for PBXNativeTarget "Filz!UITests" */ = {
			isa = XCConfigurationList;
			buildConfigurations = (
				8459161A2F1A412E00B08687 /* Debug */,
				8459161B2F1A412E00B08687 /* Release */,
			);
			defaultConfigurationIsVisible = 0;
			defaultConfigurationName = Release;
		};
		84B200102F80000100AE3A80 /* Build configuration list for PBXNativeTarget "LiquidSendTransferWidget" */ = {
			isa = XCConfigurationList;
			buildConfigurations = (
				84B2000E2F80000100AE3A80 /* Debug */,
				84B2000F2F80000100AE3A80 /* Release */,
			);
			defaultConfigurationIsVisible = 0;
			defaultConfigurationName = Release;
		};
		84C300102F90000100AE3A80 /* Build configuration list for PBXNativeTarget "LiquidSendShareExtension" */ = {
			isa = XCConfigurationList;
			buildConfigurations = (
				84C3000E2F90000100AE3A80 /* Debug */,
				84C3000F2F90000100AE3A80 /* Release */,
			);
			defaultConfigurationIsVisible = 0;
			defaultConfigurationName = Release;
		};
/* End XCConfigurationList section */
	};
	rootObject = 845915E82F1A412C00B08687 /* Project object */;
}
